Microsoft Visual Studio Solution File, Format Version 12.00
# Visual Studio Version 17
VisualStudioVersion = 17.5.2.0
MinimumVisualStudioVersion = 10.0.40219.1
Project("{2150E333-8FDC-42A3-9474-1A3956D46DE8}") = "tests", "tests", "{0AB3BF05-4346-4AA6-1389-037BE0695223}"
EndProject
Project("{2150E333-8FDC-42A3-9474-1A3956D46DE8}") = "src", "src", "{827E0CD3-B72D-47B6-A68D-7590B98EB39B}"
EndProject
Project("{FAE04EC0-301F-11D3-BF4B-00C04F79EFBC}") = "OrderTransformer.Tests", "tests\OrderTransformer.Tests\OrderTransformer.Tests.csproj", "{BAC6890A-9ECC-F4DB-6381-57A1BB7975CE}"
EndProject
Project("{FAE04EC0-301F-11D3-BF4B-00C04F79EFBC}") = "OrderTransformer", "src\OrderTransformer\OrderTransformer.csproj", "{0D0A512B-17A4-1266-5B7B-EDFEB83AB129}"
EndProject
Global
	GlobalSection(SolutionConfigurationPlatforms) = preSolution
		Debug|Any CPU = Debug|Any CPU
		Release|Any CPU = Release|Any CPU
	EndGlobalSection
	GlobalSection(ProjectConfigurationPlatforms) = postSolution
		{BAC6890A-9ECC-F4DB-6381-57A1BB7975CE}.Debug|Any CPU.ActiveCfg = Debug|Any CPU
		{BAC6890A-9ECC-F4DB-6381-57A1BB7975CE}.Debug|Any CPU.Build.0 = Debug|Any CPU
		{BAC6890A-9ECC-F4DB-6381-57A1BB7975CE}.Release|Any CPU.ActiveCfg = Release|Any CPU
		{BAC6890A-9ECC-F4DB-6381-57A1BB7975CE}.Release|Any CPU.Build.0 = Release|Any CPU
		{0D0A512B-17A4-1266-5B7B-EDFEB83AB129}.Debug|Any CPU.ActiveCfg = Debug|Any CPU
		{0D0A512B-17A4-1266-5B7B-EDFEB83AB129}.Debug|Any CPU.Build.0 = Debug|Any CPU
		{0D0A512B-17A4-1266-5B7B-EDFEB83AB129}.Release|Any CPU.ActiveCfg = Release|Any CPU
		{0D0A512B-17A4-1266-5B7B-EDFEB83AB129}.Release|Any CPU.Build.0 = Release|Any CPU
	EndGlobalSection
	GlobalSection(SolutionProperties) = preSolution
		HideSolutionNode = FALSE
	EndGlobalSection
	GlobalSection(NestedProjects) = preSolution
		{BAC6890A-9ECC-F4DB-6381-57A1BB7975CE} = {0AB3BF05-4346-4AA6-1389-037BE0695223}
		{0D0A512B-17A4-1266-5B7B-EDFEB83AB129} = {827E0CD3-B72D-47B6-A68D-7590B98EB39B}
	EndGlobalSection
	GlobalSection(ExtensibilityGlobals) = postSolution
		SolutionGuid = {2055F7BB-5F0C-4379-8BDA-239052749EC8}
	EndGlobalSection
EndGlobal
